
Microsoft Visual Studio Solution File, Format Version 12.00
# Visual Studio Version 16
VisualStudioVersion = 16.0.29709.97
MinimumVisualStudioVersion = 10.0.40219.1
Project("{9A19103F-16F7-4668-BE54-9A1E7A4F7556}") = "CupcakeFactory.ServiceProxy.Tests", "CupcakeFactory.ServiceProxy.Tests\CupcakeFactory.ServiceProxy.Tests.csproj", "{A7D53430-AA1E-4EFF-A3CB-8D752362527E}"
EndProject
Project("{9A19103F-16F7-4668-BE54-9A1E7A4F7556}") = "CupcakeFactory.ServiceProxy.Benchmarks", "CupcakeFactory.ServiceProxy.Benchmarks\CupcakeFactory.ServiceProxy.Benchmarks.csproj", "{39355E02-D654-44B8-971D-A54892588655}"
EndProject
Project("{9A19103F-16F7-4668-BE54-9A1E7A4F7556}") = "CupcakeFactory.ServiceProxy", "CupcakeFactory.ServiceProxy\CupcakeFactory.ServiceProxy.csproj", "{3C156F03-8907-4A7D-8A87-B49251534AF6}"
EndProject
Project("{2150E333-8FDC-42A3-9474-1A3956D46DE8}") = "Docs", "Docs", "{16C73A1B-A278-4D2E-BE89-391EBB471425}"
	ProjectSection(SolutionItems) = preProject
		..\LICENSE = ..\LICENSE
		..\README.md = ..\README.md
	EndProjectSection
EndProject
Project("{2150E333-8FDC-42A3-9474-1A3956D46DE8}") = "AWS", "AWS", "{7B6274AF-8EB7-4FD8-A90E-0FDAE48A03D0}"
EndProject
Project("{2150E333-8FDC-42A3-9474-1A3956D46DE8}") = "AWS", "AWS", "{1D679C17-8047-4EFE-8100-EC88B637AD97}"
EndProject
Project("{2150E333-8FDC-42A3-9474-1A3956D46DE8}") = "Examples", "Examples", "{3A8D90D0-295F-4C22-AB90-F873E864CCDC}"
EndProject
Project("{2150E333-8FDC-42A3-9474-1A3956D46DE8}") = "AWS", "AWS", "{C34C2A3F-947B-45C5-AD71-F1EED5879C05}"
EndProject
Project("{9A19103F-16F7-4668-BE54-9A1E7A4F7556}") = "CupcakeFactory.ServiceProxy.Lambda", "AWS\CupcakeFactory.ServiceProxy.Lambda\CupcakeFactory.ServiceProxy.Lambda.csproj", "{6276E4F3-581A-42D9-ADE2-668AAE1E5FF6}"
EndProject
Global
	GlobalSection(SolutionConfigurationPlatforms) = preSolution
		Debug|Any CPU = Debug|Any CPU
		Release|Any CPU = Release|Any CPU
	EndGlobalSection
	GlobalSection(ProjectConfigurationPlatforms) = postSolution
		{A7D53430-AA1E-4EFF-A3CB-8D752362527E}.Debug|Any CPU.ActiveCfg = Debug|Any CPU
		{A7D53430-AA1E-4EFF-A3CB-8D752362527E}.Debug|Any CPU.Build.0 = Debug|Any CPU
		{A7D53430-AA1E-4EFF-A3CB-8D752362527E}.Release|Any CPU.ActiveCfg = Release|Any CPU
		{A7D53430-AA1E-4EFF-A3CB-8D752362527E}.Release|Any CPU.Build.0 = Release|Any CPU
		{39355E02-D654-44B8-971D-A54892588655}.Debug|Any CPU.ActiveCfg = Debug|Any CPU
		{39355E02-D654-44B8-971D-A54892588655}.Debug|Any CPU.Build.0 = Debug|Any CPU
		{39355E02-D654-44B8-971D-A54892588655}.Release|Any CPU.ActiveCfg = Release|Any CPU
		{39355E02-D654-44B8-971D-A54892588655}.Release|Any CPU.Build.0 = Release|Any CPU
		{3C156F03-8907-4A7D-8A87-B49251534AF6}.Debug|Any CPU.ActiveCfg = Debug|Any CPU
		{3C156F03-8907-4A7D-8A87-B49251534AF6}.Debug|Any CPU.Build.0 = Debug|Any CPU
		{3C156F03-8907-4A7D-8A87-B49251534AF6}.Release|Any CPU.ActiveCfg = Release|Any CPU
		{3C156F03-8907-4A7D-8A87-B49251534AF6}.Release|Any CPU.Build.0 = Release|Any CPU
		{6276E4F3-581A-42D9-ADE2-668AAE1E5FF6}.Debug|Any CPU.ActiveCfg = Debug|Any CPU
		{6276E4F3-581A-42D9-ADE2-668AAE1E5FF6}.Debug|Any CPU.Build.0 = Debug|Any CPU
		{6276E4F3-581A-42D9-ADE2-668AAE1E5FF6}.Release|Any CPU.ActiveCfg = Release|Any CPU
		{6276E4F3-581A-42D9-ADE2-668AAE1E5FF6}.Release|Any CPU.Build.0 = Release|Any CPU
	EndGlobalSection
	GlobalSection(SolutionProperties) = preSolution
		HideSolutionNode = FALSE
	EndGlobalSection
	GlobalSection(NestedProjects) = preSolution
		{1D679C17-8047-4EFE-8100-EC88B637AD97} = {16C73A1B-A278-4D2E-BE89-391EBB471425}
		{C34C2A3F-947B-45C5-AD71-F1EED5879C05} = {3A8D90D0-295F-4C22-AB90-F873E864CCDC}
		{6276E4F3-581A-42D9-ADE2-668AAE1E5FF6} = {7B6274AF-8EB7-4FD8-A90E-0FDAE48A03D0}
	EndGlobalSection
	GlobalSection(ExtensibilityGlobals) = postSolution
		SolutionGuid = {CCD27186-1663-4CA0-96A7-100D04E1DE58}
	EndGlobalSection
EndGlobal
