
Microsoft Visual Studio Solution File, Format Version 12.00
# Visual Studio Version 16
VisualStudioVersion = 16.0.29709.97
MinimumVisualStudioVersion = 10.0.40219.1
Project("{9A19103F-16F7-4668-BE54-9A1E7A4F7556}") = "CupcakeFactory.ServiceProxy", "CupcakeFactory.ServiceProxy.Lambda\CupcakeFactory.ServiceProxy.csproj", "{B851F879-1554-47AC-82AB-68B5A119991C}"
EndProject
Project("{9A19103F-16F7-4668-BE54-9A1E7A4F7556}") = "CupcakeFactory.ServiceProxy.Tests", "CupcakeFactory.ServiceProxy.Tests\CupcakeFactory.ServiceProxy.Tests.csproj", "{A7D53430-AA1E-4EFF-A3CB-8D752362527E}"
EndProject
Project("{FAE04EC0-301F-11D3-BF4B-00C04F79EFBC}") = "CupcakeFactory.ServiceProxy.Benchmarks", "CupcakeFactory.ServiceProxy.Benchmarks\CupcakeFactory.ServiceProxy.Benchmarks.csproj", "{39355E02-D654-44B8-971D-A54892588655}"
EndProject
Global
	GlobalSection(SolutionConfigurationPlatforms) = preSolution
		Debug|Any CPU = Debug|Any CPU
		Release|Any CPU = Release|Any CPU
	EndGlobalSection
	GlobalSection(ProjectConfigurationPlatforms) = postSolution
		{B851F879-1554-47AC-82AB-68B5A119991C}.Debug|Any CPU.ActiveCfg = Debug|Any CPU
		{B851F879-1554-47AC-82AB-68B5A119991C}.Debug|Any CPU.Build.0 = Debug|Any CPU
		{B851F879-1554-47AC-82AB-68B5A119991C}.Release|Any CPU.ActiveCfg = Release|Any CPU
		{B851F879-1554-47AC-82AB-68B5A119991C}.Release|Any CPU.Build.0 = Release|Any CPU
		{A7D53430-AA1E-4EFF-A3CB-8D752362527E}.Debug|Any CPU.ActiveCfg = Debug|Any CPU
		{A7D53430-AA1E-4EFF-A3CB-8D752362527E}.Debug|Any CPU.Build.0 = Debug|Any CPU
		{A7D53430-AA1E-4EFF-A3CB-8D752362527E}.Release|Any CPU.ActiveCfg = Release|Any CPU
		{A7D53430-AA1E-4EFF-A3CB-8D752362527E}.Release|Any CPU.Build.0 = Release|Any CPU
		{39355E02-D654-44B8-971D-A54892588655}.Debug|Any CPU.ActiveCfg = Debug|Any CPU
		{39355E02-D654-44B8-971D-A54892588655}.Debug|Any CPU.Build.0 = Debug|Any CPU
		{39355E02-D654-44B8-971D-A54892588655}.Release|Any CPU.ActiveCfg = Release|Any CPU
		{39355E02-D654-44B8-971D-A54892588655}.Release|Any CPU.Build.0 = Release|Any CPU
	EndGlobalSection
	GlobalSection(SolutionProperties) = preSolution
		HideSolutionNode = FALSE
	EndGlobalSection
	GlobalSection(ExtensibilityGlobals) = postSolution
		SolutionGuid = {CCD27186-1663-4CA0-96A7-100D04E1DE58}
	EndGlobalSection
EndGlobal
